
Microsoft Visual Studio Solution File, Format Version 12.00
# Visual Studio Version 16
VisualStudioVersion = 16.0.31727.386
MinimumVisualStudioVersion = 10.0.40219.1
Project("{FAE04EC0-301F-11D3-BF4B-00C04F79EFBC}") = "DesarrolloWeb2.Android", "DesarrolloWeb2\DesarrolloWeb2.Android\DesarrolloWeb2.Android.csproj", "{E8291788-2967-4AC8-952A-2E33E1618544}"
EndProject
Project("{FAE04EC0-301F-11D3-BF4B-00C04F79EFBC}") = "DesarrolloWeb2", "DesarrolloWeb2\DesarrolloWeb2\DesarrolloWeb2.csproj", "{F769C2CB-EB7B-4417-B8AF-AC67F007D58C}"
EndProject
Global
	GlobalSection(SolutionConfigurationPlatforms) = preSolution
		Debug|Any CPU = Debug|Any CPU
		Release|Any CPU = Release|Any CPU
	EndGlobalSection
	GlobalSection(ProjectConfigurationPlatforms) = postSolution
		{E8291788-2967-4AC8-952A-2E33E1618544}.Debug|Any CPU.ActiveCfg = Debug|Any CPU
		{E8291788-2967-4AC8-952A-2E33E1618544}.Debug|Any CPU.Build.0 = Debug|Any CPU
		{E8291788-2967-4AC8-952A-2E33E1618544}.Debug|Any CPU.Deploy.0 = Debug|Any CPU
		{E8291788-2967-4AC8-952A-2E33E1618544}.Release|Any CPU.ActiveCfg = Release|Any CPU
		{E8291788-2967-4AC8-952A-2E33E1618544}.Release|Any CPU.Build.0 = Release|Any CPU
		{E8291788-2967-4AC8-952A-2E33E1618544}.Release|Any CPU.Deploy.0 = Release|Any CPU
		{F769C2CB-EB7B-4417-B8AF-AC67F007D58C}.Debug|Any CPU.ActiveCfg = Debug|Any CPU
		{F769C2CB-EB7B-4417-B8AF-AC67F007D58C}.Debug|Any CPU.Build.0 = Debug|Any CPU
		{F769C2CB-EB7B-4417-B8AF-AC67F007D58C}.Debug|Any CPU.Deploy.0 = Debug|Any CPU
		{F769C2CB-EB7B-4417-B8AF-AC67F007D58C}.Release|Any CPU.ActiveCfg = Release|Any CPU
		{F769C2CB-EB7B-4417-B8AF-AC67F007D58C}.Release|Any CPU.Build.0 = Release|Any CPU
		{F769C2CB-EB7B-4417-B8AF-AC67F007D58C}.Release|Any CPU.Deploy.0 = Release|Any CPU
	EndGlobalSection
	GlobalSection(SolutionProperties) = preSolution
		HideSolutionNode = FALSE
	EndGlobalSection
	GlobalSection(ExtensibilityGlobals) = postSolution
		SolutionGuid = {B5B370CC-5A2C-491F-A336-C47AE3B2EC50}
	EndGlobalSection
EndGlobal
